
Microsoft Visual Studio Solution File, Format Version 12.00
# Visual Studio Version 16
VisualStudioVersion = 16.0.30907.101
MinimumVisualStudioVersion = 10.0.40219.1
Project("{9A19103F-16F7-4668-BE54-9A1E7A4F7556}") = "LibraryWeb", "LibraryWeb\LibraryWeb.csproj", "{667DF77D-48A1-4DA9-9AA9-219D4D42AFAE}"
EndProject
Project("{FAE04EC0-301F-11D3-BF4B-00C04F79EFBC}") = "BookListMvc", "BookListMvc\BookListMvc.csproj", "{0503C607-3D5B-4966-AEC7-10DFAC492ECB}"
EndProject
Global
	GlobalSection(SolutionConfigurationPlatforms) = preSolution
		Debug|Any CPU = Debug|Any CPU
		Release|Any CPU = Release|Any CPU
	EndGlobalSection
	GlobalSection(ProjectConfigurationPlatforms) = postSolution
		{667DF77D-48A1-4DA9-9AA9-219D4D42AFAE}.Debug|Any CPU.ActiveCfg = Debug|Any CPU
		{667DF77D-48A1-4DA9-9AA9-219D4D42AFAE}.Debug|Any CPU.Build.0 = Debug|Any CPU
		{667DF77D-48A1-4DA9-9AA9-219D4D42AFAE}.Release|Any CPU.ActiveCfg = Release|Any CPU
		{667DF77D-48A1-4DA9-9AA9-219D4D42AFAE}.Release|Any CPU.Build.0 = Release|Any CPU
		{0503C607-3D5B-4966-AEC7-10DFAC492ECB}.Debug|Any CPU.ActiveCfg = Debug|Any CPU
		{0503C607-3D5B-4966-AEC7-10DFAC492ECB}.Debug|Any CPU.Build.0 = Debug|Any CPU
		{0503C607-3D5B-4966-AEC7-10DFAC492ECB}.Release|Any CPU.ActiveCfg = Release|Any CPU
		{0503C607-3D5B-4966-AEC7-10DFAC492ECB}.Release|Any CPU.Build.0 = Release|Any CPU
	EndGlobalSection
	GlobalSection(SolutionProperties) = preSolution
		HideSolutionNode = FALSE
	EndGlobalSection
	GlobalSection(ExtensibilityGlobals) = postSolution
		SolutionGuid = {8CCCDA87-BBC1-422C-B692-CC192B0025DC}
	EndGlobalSection
EndGlobal
